
Microsoft Visual Studio Solution File, Format Version 12.00
# Visual Studio Version 16
VisualStudioVersion = 16.0.30413.136
MinimumVisualStudioVersion = 10.0.40219.1
Project("{FAE04EC0-301F-11D3-BF4B-00C04F79EFBC}") = "StudentRegister", "StudentRegister.csproj", "{4F9D5230-E772-45E1-AF48-5819F3C3E83F}"
EndProject
Global
	GlobalSection(SolutionConfigurationPlatforms) = preSolution
		Debug|Any CPU = Debug|Any CPU
		Release|Any CPU = Release|Any CPU
	EndGlobalSection
	GlobalSection(ProjectConfigurationPlatforms) = postSolution
		{4F9D5230-E772-45E1-AF48-5819F3C3E83F}.Debug|Any CPU.ActiveCfg = Debug|Any CPU
		{4F9D5230-E772-45E1-AF48-5819F3C3E83F}.Debug|Any CPU.Build.0 = Debug|Any CPU
		{4F9D5230-E772-45E1-AF48-5819F3C3E83F}.Release|Any CPU.ActiveCfg = Release|Any CPU
		{4F9D5230-E772-45E1-AF48-5819F3C3E83F}.Release|Any CPU.Build.0 = Release|Any CPU
	EndGlobalSection
	GlobalSection(SolutionProperties) = preSolution
		HideSolutionNode = FALSE
	EndGlobalSection
	GlobalSection(ExtensibilityGlobals) = postSolution
		SolutionGuid = {0FEFD69B-0BB7-4CBC-B8FA-8A703A9B1968}
	EndGlobalSection
EndGlobal
